// !$*UTF8*$!
{
	archiveVersion = 1;
	classes = {
	};
	objectVersion = 77;
	objects = {

/* Begin PBXBuildFile section */
		1B2DF77E2CE49E2600327784 /* SnapKit in Frameworks */ = {isa = PBXBuildFile; productRef = 1B2DF77D2CE49E2600327784 /* SnapKit */; };
		1B2DF7802CE49E2600327784 /* SnapKit-Dynamic in Frameworks */ = {isa = PBXBuildFile; productRef = 1B2DF77F2CE49E2600327784 /* SnapKit-Dynamic */; };
/* End PBXBuildFile section */

/* Begin PBXContainerItemProxy section */
		1B2DF7442CE4768300327784 /* PBXContainerItemProxy */ = {
			isa = PBXContainerItemProxy;
			containerPortal = 1B2DF7252CE4768100327784 /* Project object */;
			proxyType = 1;
			remoteGlobalIDString = 1B2DF72C2CE4768100327784;
			remoteInfo = CodeBaseTest;
		};
		1B2DF74E2CE4768300327784 /* PBXContainerItemProxy */ = {
			isa = PBXContainerItemProxy;
			containerPortal = 1B2DF7252CE4768100327784 /* Project object */;
			proxyType = 1;
			remoteGlobalIDString = 1B2DF72C2CE4768100327784;
			remoteInfo = CodeBaseTest;
		};
/* End PBXContainerItemProxy section */

/* Begin PBXFileReference section */
		1B2DF72D2CE4768100327784 /* CodeBaseTest.app */ = {isa = PBXFileReference; explicitFileType = wrapper.application; includeInIndex = 0; path = CodeBaseTest.app; sourceTree = BUILT_PRODUCTS_DIR; };
		1B2DF7432CE4768300327784 /* CodeBaseTestTests.xctest */ = {isa = PBXFileReference; explicitFileType = wrapper.cfbundle; includeInIndex = 0; path = CodeBaseTestTests.xctest; sourceTree = BUILT_PRODUCTS_DIR; };
		1B2DF74D2CE4768300327784 /* CodeBaseTestUITests.xctest */ = {isa = PBXFileReference; explicitFileType = wrapper.cfbundle; includeInIndex = 0; path = CodeBaseTestUITests.xctest; sourceTree = BUILT_PRODUCTS_DIR; };
/* End PBXFileReference section */

/* Begin PBXFileSystemSynchronizedBuildFileExceptionSet section */
		1B2DF7552CE4768300327784 /* Exceptions for "CodeBaseTest" folder in "CodeBaseTest" target */ = {
			isa = PBXFileSystemSynchronizedBuildFileExceptionSet;
			membershipExceptions = (
				Info.plist,
			);
			target = 1B2DF72C2CE4768100327784 /* CodeBaseTest */;
		};
/* End PBXFileSystemSynchronizedBuildFileExceptionSet section */

/* Begin PBXFileSystemSynchronizedRootGroup section */
		1B2DF72F2CE4768100327784 /* CodeBaseTest */ = {
			isa = PBXFileSystemSynchronizedRootGroup;
			exceptions = (
				1B2DF7552CE4768300327784 /* Exceptions for "CodeBaseTest" folder in "CodeBaseTest" target */,
			);
			path = CodeBaseTest;
			sourceTree = "<group>";
		};
		1B2DF7462CE4768300327784 /* CodeBaseTestTests */ = {
			isa = PBXFileSystemSynchronizedRootGroup;
			path = CodeBaseTestTests;
			sourceTree = "<group>";
		};
		1B2DF7502CE4768300327784 /* CodeBaseTestUITests */ = {
			isa = PBXFileSystemSynchronizedRootGroup;
			path = CodeBaseTestUITests;
			sourceTree = "<group>";
		};
/* End PBXFileSystemSynchronizedRootGroup section */

/* Begin PBXFrameworksBuildPhase section */
		1B2DF72A2CE4768100327784 /* Frameworks */ = {
			isa = PBXFrameworksBuildPhase;
			buildActionMask = 2147483647;
			files = (
				1B2DF77E2CE49E2600327784 /* SnapKit in Frameworks */,
				1B2DF7802CE49E2600327784 /* SnapKit-Dynamic in Frameworks */,
			);
			runOnlyForDeploymentPostprocessing = 0;
		};
		1B2DF7402CE4768300327784 /* Frameworks */ = {
			isa = PBXFrameworksBuildPhase;
			buildActionMask = 2147483647;
			files = (
			);
			runOnlyForDeploymentPostprocessing = 0;
		};
		1B2DF74A2CE4768300327784 /* Frameworks */ = {
			isa = PBXFrameworksBuildPhase;
			buildActionMask = 2147483647;
			files = (
			);
			runOnlyForDeploymentPostprocessing = 0;
		};
/* End PBXFrameworksBuildPhase section */

/* Begin PBXGroup section */
		1B2DF7242CE4768100327784 = {
			isa = PBXGroup;
			children = (
				1B2DF72F2CE4768100327784 /* CodeBaseTest */,
				1B2DF7462CE4768300327784 /* CodeBaseTestTests */,
				1B2DF7502CE4768300327784 /* CodeBaseTestUITests */,
				1B2DF72E2CE4768100327784 /* Products */,
			);
			sourceTree = "<group>";
		};
		1B2DF72E2CE4768100327784 /* Products */ = {
			isa = PBXGroup;
			children = (
				1B2DF72D2CE4768100327784 /* CodeBaseTest.app */,
				1B2DF7432CE4768300327784 /* CodeBaseTestTests.xctest */,
				1B2DF74D2CE4768300327784 /* CodeBaseTestUITests.xctest */,
			);
			name = Products;
			sourceTree = "<group>";
		};
/* End PBXGroup section */

/* Begin PBXNativeTarget section */
		1B2DF72C2CE4768100327784 /* CodeBaseTest */ = {
			isa = PBXNativeTarget;
			buildConfigurationList = 1B2DF7562CE4768300327784 /* Build configuration list for PBXNativeTarget "CodeBaseTest" */;
			buildPhases = (
				1B2DF7292CE4768100327784 /* Sources */,
				1B2DF72A2CE4768100327784 /* Frameworks */,
				1B2DF72B2CE4768100327784 /* Resources */,
			);
			buildRules = (
			);
			dependencies = (
			);
			fileSystemSynchronizedGroups = (
				1B2DF72F2CE4768100327784 /* CodeBaseTest */,
			);
			name = CodeBaseTest;
			packageProductDependencies = (
				1B2DF77D2CE49E2600327784 /* SnapKit */,
				1B2DF77F2CE49E2600327784 /* SnapKit-Dynamic */,
			);
			productName = CodeBaseTest;
			productReference = 1B2DF72D2CE4768100327784 /* CodeBaseTest.app */;
			productType = "com.apple.product-type.application";
		};
		1B2DF7422CE4768300327784 /* CodeBaseTestTests */ = {
			isa = PBXNativeTarget;
			buildConfigurationList = 1B2DF75B2CE4768300327784 /* Build configuration list for PBXNativeTarget "CodeBaseTestTests" */;
			buildPhases = (
				1B2DF73F2CE4768300327784 /* Sources */,
				1B2DF7402CE4768300327784 /* Frameworks */,
				1B2DF7412CE4768300327784 /* Resources */,
			);
			buildRules = (
			);
			dependencies = (
				1B2DF7452CE4768300327784 /* PBXTargetDependency */,
			);
			fileSystemSynchronizedGroups = (
				1B2DF7462CE4768300327784 /* CodeBaseTestTests */,
			);
			name = CodeBaseTestTests;
			packageProductDependencies = (
			);
			productName = CodeBaseTestTests;
			productReference = 1B2DF7432CE4768300327784 /* CodeBaseTestTests.xctest */;
			productType = "com.apple.product-type.bundle.unit-test";
		};
		1B2DF74C2CE4768300327784 /* CodeBaseTestUITests */ = {
			isa = PBXNativeTarget;
			buildConfigurationList = 1B2DF75E2CE4768300327784 /* Build configuration list for PBXNativeTarget "CodeBaseTestUITests" */;
			buildPhases = (
				1B2DF7492CE4768300327784 /* Sources */,
				1B2DF74A2CE4768300327784 /* Frameworks */,
				1B2DF74B2CE4768300327784 /* Resources */,
			);
			buildRules = (
			);
			dependencies = (
				1B2DF74F2CE4768300327784 /* PBXTargetDependency */,
			);
			fileSystemSynchronizedGroups = (
				1B2DF7502CE4768300327784 /* CodeBaseTestUITests */,
			);
			name = CodeBaseTestUITests;
			packageProductDependencies = (
			);
			productName = CodeBaseTestUITests;
			productReference = 1B2DF74D2CE4768300327784 /* CodeBaseTestUITests.xctest */;
			productType = "com.apple.product-type.bundle.ui-testing";
		};
/* End PBXNativeTarget section */

/* Begin PBXProject section */
		1B2DF7252CE4768100327784 /* Project object */ = {
			isa = PBXProject;
			attributes = {
				BuildIndependentTargetsInParallel = 1;
				LastSwiftUpdateCheck = 1610;
				LastUpgradeCheck = 1610;
				TargetAttributes = {
					1B2DF72C2CE4768100327784 = {
						CreatedOnToolsVersion = 16.1;
					};
					1B2DF7422CE4768300327784 = {
						CreatedOnToolsVersion = 16.1;
						TestTargetID = 1B2DF72C2CE4768100327784;
					};
					1B2DF74C2CE4768300327784 = {
						CreatedOnToolsVersion = 16.1;
						TestTargetID = 1B2DF72C2CE4768100327784;
					};
				};
			};
			buildConfigurationList = 1B2DF7282CE4768100327784 /* Build configuration list for PBXProject "CodeBaseTest" */;
			developmentRegion = en;
			hasScannedForEncodings = 0;
			knownRegions = (
				en,
				Base,
			);
			mainGroup = 1B2DF7242CE4768100327784;
			minimizedProjectReferenceProxies = 1;
			packageReferences = (
				1B2DF77C2CE49E2600327784 /* XCRemoteSwiftPackageReference "SnapKit" */,
			);
			preferredProjectObjectVersion = 77;
			productRefGroup = 1B2DF72E2CE4768100327784 /* Products */;
			projectDirPath = "";
			projectRoot = "";
			targets = (
				1B2DF72C2CE4768100327784 /* CodeBaseTest */,
				1B2DF7422CE4768300327784 /* CodeBaseTestTests */,
				1B2DF74C2CE4768300327784 /* CodeBaseTestUITests */,
			);
		};
/* End PBXProject section */

/* Begin PBXResourcesBuildPhase section */
		1B2DF72B2CE4768100327784 /* Resources */ = {
			isa = PBXResourcesBuildPhase;
			buildActionMask = 2147483647;
			files = (
			);
			runOnlyForDeploymentPostprocessing = 0;
		};
		1B2DF7412CE4768300327784 /* Resources */ = {
			isa = PBXResourcesBuildPhase;
			buildActionMask = 2147483647;
			files = (
			);
			runOnlyForDeploymentPostprocessing = 0;
		};
		1B2DF74B2CE4768300327784 /* Resources */ = {
			isa = PBXResourcesBuildPhase;
			buildActionMask = 2147483647;
			files = (
			);
			runOnlyForDeploymentPostprocessing = 0;
		};
/* End PBXResourcesBuildPhase section */

/* Begin PBXSourcesBuildPhase section */
		1B2DF7292CE4768100327784 /* Sources */ = {
			isa = PBXSourcesBuildPhase;
			buildActionMask = 2147483647;
			files = (
			);
			runOnlyForDeploymentPostprocessing = 0;
		};
		1B2DF73F2CE4768300327784 /* Sources */ = {
			isa = PBXSourcesBuildPhase;
			buildActionMask = 2147483647;
			files = (
			);
			runOnlyForDeploymentPostprocessing = 0;
		};
		1B2DF7492CE4768300327784 /* Sources */ = {
			isa = PBXSourcesBuildPhase;
			buildActionMask = 2147483647;
			files = (
			);
			runOnlyForDeploymentPostprocessing = 0;
		};
/* End PBXSourcesBuildPhase section */

/* Begin PBXTargetDependency section */
		1B2DF7452CE4768300327784 /* PBXTargetDependency */ = {
			isa = PBXTargetDependency;
			target = 1B2DF72C2CE4768100327784 /* CodeBaseTest */;
			targetProxy = 1B2DF7442CE4768300327784 /* PBXContainerItemProxy */;
		};
		1B2DF74F2CE4768300327784 /* PBXTargetDependency */ = {
			isa = PBXTargetDependency;
			target = 1B2DF72C2CE4768100327784 /* CodeBaseTest */;
			targetProxy = 1B2DF74E2CE4768300327784 /* PBXContainerItemProxy */;
		};
/* End PBXTargetDependency section */

/* Begin XCBuildConfiguration section */
		1B2DF7572CE4768300327784 /* Debug */ = {
			isa = XCBuildConfiguration;
			buildSettings = {
				ASSETCATALOG_COMPILER_APPICON_NAME = AppIcon;
				ASSETCATALOG_COMPILER_GLOBAL_ACCENT_COLOR_NAME = AccentColor;
				CODE_SIGN_STYLE = Automatic;
				CURRENT_PROJECT_VERSION = 1;
				GENERATE_INFOPLIST_FILE = YES;
				INFOPLIST_FILE = CodeBaseTest/Info.plist;
				INFOPLIST_KEY_UIApplicationSupportsIndirectInputEvents = YES;
				INFOPLIST_KEY_UILaunchStoryboardName = LaunchScreen;
				INFOPLIST_KEY_UISupportedInterfaceOrientations_iPad = "UIInterfaceOrientationPortrait UIInterfaceOrientationPortraitUpsideDown UIInterfaceOrientationLandscapeLeft UIInterfaceOrientationLandscapeRight";
				INFOPLIST_KEY_UISupportedInterfaceOrientations_iPhone = "UIInterfaceOrientationPortrait UIInterfaceOrientationLandscapeLeft UIInterfaceOrientationLandscapeRight";
				LD_RUNPATH_SEARCH_PATHS = (
					"$(inherited)",
					"@executable_path/Frameworks",
				);
				MARKETING_VERSION = 1.0;
				PRODUCT_BUNDLE_IDENTIFIER = com.Ryu.CodeBaseTest;
				PRODUCT_NAME = "$(TARGET_NAME)";
				SWIFT_EMIT_LOC_STRINGS = YES;
				SWIFT_VERSION = 5.0;
				TARGETED_DEVICE_FAMILY = "1,2";
			};
			name = Debug;
		};
		1B2DF7582CE4768300327784 /* Release */ = {
			isa = XCBuildConfiguration;
			buildSettings = {
				ASSETCATALOG_COMPILER_APPICON_NAME = AppIcon;
				ASSETCATALOG_COMPILER_GLOBAL_ACCENT_COLOR_NAME = AccentColor;
				CODE_SIGN_STYLE = Automatic;
				CURRENT_PROJECT_VERSION = 1;
				GENERATE_INFOPLIST_FILE = YES;
				INFOPLIST_FILE = CodeBaseTest/Info.plist;
				INFOPLIST_KEY_UIApplicationSupportsIndirectInputEvents = YES;
				INFOPLIST_KEY_UILaunchStoryboardName = LaunchScreen;
				INFOPLIST_KEY_UISupportedInterfaceOrientations_iPad = "UIInterfaceOrientationPortrait UIInterfaceOrientationPortraitUpsideDown UIInterfaceOrientationLandscapeLeft UIInterfaceOrientationLandscapeRight";
				INFOPLIST_KEY_UISupportedInterfaceOrientations_iPhone = "UIInterfaceOrientationPortrait UIInterfaceOrientationLandscapeLeft UIInterfaceOrientationLandscapeRight";
				LD_RUNPATH_SEARCH_PATHS = (
					"$(inherited)",
					"@executable_path/Frameworks",
				);
				MARKETING_VERSION = 1.0;
				PRODUCT_BUNDLE_IDENTIFIER = com.Ryu.CodeBaseTest;
				PRODUCT_NAME = "$(TARGET_NAME)";
				SWIFT_EMIT_LOC_STRINGS = YES;
				SWIFT_VERSION = 5.0;
				TARGETED_DEVICE_FAMILY = "1,2";
			};
			name = Release;
		};
		1B2DF7592CE4768300327784 /* Debug */ = {
			isa = XCBuildConfiguration;
			buildSettings = {
				ALWAYS_SEARCH_USER_PATHS = NO;
				ASSETCATALOG_COMPILER_GENERATE_SWIFT_ASSET_SYMBOL_EXTENSIONS = YES;
				CLANG_ANALYZER_NONNULL = YES;
				CLANG_ANALYZER_NUMBER_OBJECT_CONVERSION = YES_AGGRESSIVE;
				CLANG_CXX_LANGUAGE_STANDARD = "gnu++20";
				CLANG_ENABLE_MODULES = YES;
				CLANG_ENABLE_OBJC_ARC = YES;
				CLANG_ENABLE_OBJC_WEAK = YES;
				CLANG_WARN_BLOCK_CAPTURE_AUTORELEASING = YES;
				CLANG_WARN_BOOL_CONVERSION = YES;
				CLANG_WARN_COMMA = YES;
				CLANG_WARN_CONSTANT_CONVERSION = YES;
				CLANG_WARN_DEPRECATED_OBJC_IMPLEMENTATIONS = YES;
				CLANG_WARN_DIRECT_OBJC_ISA_USAGE = YES_ERROR;
				CLANG_WARN_DOCUMENTATION_COMMENTS = YES;
				CLANG_WARN_EMPTY_BODY = YES;
				CLANG_WARN_ENUM_CONVERSION = YES;
				CLANG_WARN_INFINITE_RECURSION = YES;
				CLANG_WARN_INT_CONVERSION = YES;
				CLANG_WARN_NON_LITERAL_NULL_CONVERSION = YES;
				CLANG_WARN_OBJC_IMPLICIT_RETAIN_SELF = YES;
				CLANG_WARN_OBJC_LITERAL_CONVERSION = YES;
				CLANG_WARN_OBJC_ROOT_CLASS = YES_ERROR;
				CLANG_WARN_QUOTED_INCLUDE_IN_FRAMEWORK_HEADER = YES;
				CLANG_WARN_RANGE_LOOP_ANALYSIS = YES;
				CLANG_WARN_STRICT_PROTOTYPES = YES;
				CLANG_WARN_SUSPICIOUS_MOVE = YES;
				CLANG_WARN_UNGUARDED_AVAILABILITY = YES_AGGRESSIVE;
				CLANG_WARN_UNREACHABLE_CODE = YES;
				CLANG_WARN__DUPLICATE_METHOD_MATCH = YES;
				COPY_PHASE_STRIP = NO;
				DEBUG_INFORMATION_FORMAT = dwarf;
				ENABLE_STRICT_OBJC_MSGSEND = YES;
				ENABLE_TESTABILITY = YES;
				ENABLE_USER_SCRIPT_SANDBOXING = YES;
				GCC_C_LANGUAGE_STANDARD = gnu17;
				GCC_DYNAMIC_NO_PIC = NO;
				GCC_NO_COMMON_BLOCKS = YES;
				GCC_OPTIMIZATION_LEVEL = 0;
				GCC_PREPROCESSOR_DEFINITIONS = (
					"DEBUG=1",
					"$(inherited)",
				);
				GCC_WARN_64_TO_32_BIT_CONVERSION = YES;
				GCC_WARN_ABOUT_RETURN_TYPE = YES_ERROR;
				GCC_WARN_UNDECLARED_SELECTOR = YES;
				GCC_WARN_UNINITIALIZED_AUTOS = YES_AGGRESSIVE;
				GCC_WARN_UNUSED_FUNCTION = YES;
				GCC_WARN_UNUSED_VARIABLE = YES;
				IPHONEOS_DEPLOYMENT_TARGET = 18.1;
				LOCALIZATION_PREFERS_STRING_CATALOGS = YES;
				MTL_ENABLE_DEBUG_INFO = INCLUDE_SOURCE;
				MTL_FAST_MATH = YES;
				ONLY_ACTIVE_ARCH = YES;
				SDKROOT = iphoneos;
				SWIFT_ACTIVE_COMPILATION_CONDITIONS = "DEBUG $(inherited)";
				SWIFT_OPTIMIZATION_LEVEL = "-Onone";
			};
			name = Debug;
		};
		1B2DF75A2CE4768300327784 /* Release */ = {
			isa = XCBuildConfiguration;
			buildSettings = {
				ALWAYS_SEARCH_USER_PATHS = NO;
				ASSETCATALOG_COMPILER_GENERATE_SWIFT_ASSET_SYMBOL_EXTENSIONS = YES;
				CLANG_ANALYZER_NONNULL = YES;
				CLANG_ANALYZER_NUMBER_OBJECT_CONVERSION = YES_AGGRESSIVE;
				CLANG_CXX_LANGUAGE_STANDARD = "gnu++20";
				CLANG_ENABLE_MODULES = YES;
				CLANG_ENABLE_OBJC_ARC = YES;
				CLANG_ENABLE_OBJC_WEAK = YES;
				CLANG_WARN_BLOCK_CAPTURE_AUTORELEASING = YES;
				CLANG_WARN_BOOL_CONVERSION = YES;
				CLANG_WARN_COMMA = YES;
				CLANG_WARN_CONSTANT_CONVERSION = YES;
				CLANG_WARN_DEPRECATED_OBJC_IMPLEMENTATIONS = YES;
				CLANG_WARN_DIRECT_OBJC_ISA_USAGE = YES_ERROR;
				CLANG_WARN_DOCUMENTATION_COMMENTS = YES;
				CLANG_WARN_EMPTY_BODY = YES;
				CLANG_WARN_ENUM_CONVERSION = YES;
				CLANG_WARN_INFINITE_RECURSION = YES;
				CLANG_WARN_INT_CONVERSION = YES;
				CLANG_WARN_NON_LITERAL_NULL_CONVERSION = YES;
				CLANG_WARN_OBJC_IMPLICIT_RETAIN_SELF = YES;
				CLANG_WARN_OBJC_LITERAL_CONVERSION = YES;
				CLANG_WARN_OBJC_ROOT_CLASS = YES_ERROR;
				CLANG_WARN_QUOTED_INCLUDE_IN_FRAMEWORK_HEADER = YES;
				CLANG_WARN_RANGE_LOOP_ANALYSIS = YES;
				CLANG_WARN_STRICT_PROTOTYPES = YES;
				CLANG_WARN_SUSPICIOUS_MOVE = YES;
				CLANG_WARN_UNGUARDED_AVAILABILITY = YES_AGGRESSIVE;
				CLANG_WARN_UNREACHABLE_CODE = YES;
				CLANG_WARN__DUPLICATE_METHOD_MATCH = YES;
				COPY_PHASE_STRIP = NO;
				DEBUG_INFORMATION_FORMAT = "dwarf-with-dsym";
				ENABLE_NS_ASSERTIONS = NO;
				ENABLE_STRICT_OBJC_MSGSEND = YES;
				ENABLE_USER_SCRIPT_SANDBOXING = YES;
				GCC_C_LANGUAGE_STANDARD = gnu17;
				GCC_NO_COMMON_BLOCKS = YES;
				GCC_WARN_64_TO_32_BIT_CONVERSION = YES;
				GCC_WARN_ABOUT_RETURN_TYPE = YES_ERROR;
				GCC_WARN_UNDECLARED_SELECTOR = YES;
				GCC_WARN_UNINITIALIZED_AUTOS = YES_AGGRESSIVE;
				GCC_WARN_UNUSED_FUNCTION = YES;
				GCC_WARN_UNUSED_VARIABLE = YES;
				IPHONEOS_DEPLOYMENT_TARGET = 18.1;
				LOCALIZATION_PREFERS_STRING_CATALOGS = YES;
				MTL_ENABLE_DEBUG_INFO = NO;
				MTL_FAST_MATH = YES;
				SDKROOT = iphoneos;
				SWIFT_COMPILATION_MODE = wholemodule;
				VALIDATE_PRODUCT = YES;
			};
			name = Release;
		};
		1B2DF75C2CE4768300327784 /* Debug */ = {
			isa = XCBuildConfiguration;
			buildSettings = {
				BUNDLE_LOADER = "$(TEST_HOST)";
				CODE_SIGN_STYLE = Automatic;
				CURRENT_PROJECT_VERSION = 1;
				GENERATE_INFOPLIST_FILE = YES;
				IPHONEOS_DEPLOYMENT_TARGET = 18.1;
				MARKETING_VERSION = 1.0;
				PRODUCT_BUNDLE_IDENTIFIER = com.Ryu.CodeBaseTestTests;
				PRODUCT_NAME = "$(TARGET_NAME)";
				SWIFT_EMIT_LOC_STRINGS = NO;
				SWIFT_VERSION = 5.0;
				TARGETED_DEVICE_FAMILY = "1,2";
				TEST_HOST = "$(BUILT_PRODUCTS_DIR)/CodeBaseTest.app/$(BUNDLE_EXECUTABLE_FOLDER_PATH)/CodeBaseTest";
			};
			name = Debug;
		};
		1B2DF75D2CE4768300327784 /* Release */ = {
			isa = XCBuildConfiguration;
			buildSettings = {
				BUNDLE_LOADER = "$(TEST_HOST)";
				CODE_SIGN_STYLE = Automatic;
				CURRENT_PROJECT_VERSION = 1;
				GENERATE_INFOPLIST_FILE = YES;
				IPHONEOS_DEPLOYMENT_TARGET = 18.1;
				MARKETING_VERSION = 1.0;
				PRODUCT_BUNDLE_IDENTIFIER = com.Ryu.CodeBaseTestTests;
				PRODUCT_NAME = "$(TARGET_NAME)";
				SWIFT_EMIT_LOC_STRINGS = NO;
				SWIFT_VERSION = 5.0;
				TARGETED_DEVICE_FAMILY = "1,2";
				TEST_HOST = "$(BUILT_PRODUCTS_DIR)/CodeBaseTest.app/$(BUNDLE_EXECUTABLE_FOLDER_PATH)/CodeBaseTest";
			};
			name = Release;
		};
		1B2DF75F2CE4768300327784 /* Debug */ = {
			isa = XCBuildConfiguration;
			buildSettings = {
				CODE_SIGN_STYLE = Automatic;
				CURRENT_PROJECT_VERSION = 1;
				GENERATE_INFOPLIST_FILE = YES;
				MARKETING_VERSION = 1.0;
				PRODUCT_BUNDLE_IDENTIFIER = com.Ryu.CodeBaseTestUITests;
				PRODUCT_NAME = "$(TARGET_NAME)";
				SWIFT_EMIT_LOC_STRINGS = NO;
				SWIFT_VERSION = 5.0;
				TARGETED_DEVICE_FAMILY = "1,2";
				TEST_TARGET_NAME = CodeBaseTest;
			};
			name = Debug;
		};
		1B2DF7602CE4768300327784 /* Release */ = {
			isa = XCBuildConfiguration;
			buildSettings = {
				CODE_SIGN_STYLE = Automatic;
				CURRENT_PROJECT_VERSION = 1;
				GENERATE_INFOPLIST_FILE = YES;
				MARKETING_VERSION = 1.0;
				PRODUCT_BUNDLE_IDENTIFIER = com.Ryu.CodeBaseTestUITests;
				PRODUCT_NAME = "$(TARGET_NAME)";
				SWIFT_EMIT_LOC_STRINGS = NO;
				SWIFT_VERSION = 5.0;
				TARGETED_DEVICE_FAMILY = "1,2";
				TEST_TARGET_NAME = CodeBaseTest;
			};
			name = Release;
		};
/* End XCBuildConfiguration section */

/* Begin XCConfigurationList section */
		1B2DF7282CE4768100327784 /* Build configuration list for PBXProject "CodeBaseTest" */ = {
			isa = XCConfigurationList;
			buildConfigurations = (
				1B2DF7592CE4768300327784 /* Debug */,
				1B2DF75A2CE4768300327784 /* Release */,
			);
			defaultConfigurationIsVisible = 0;
			defaultConfigurationName = Release;
		};
		1B2DF7562CE4768300327784 /* Build configuration list for PBXNativeTarget "CodeBaseTest" */ = {
			isa = XCConfigurationList;
			buildConfigurations = (
				1B2DF7572CE4768300327784 /* Debug */,
				1B2DF7582CE4768300327784 /* Release */,
			);
			defaultConfigurationIsVisible = 0;
			defaultConfigurationName = Release;
		};
		1B2DF75B2CE4768300327784 /* Build configuration list for PBXNativeTarget "CodeBaseTestTests" */ = {
			isa = XCConfigurationList;
			buildConfigurations = (
				1B2DF75C2CE4768300327784 /* Debug */,
				1B2DF75D2CE4768300327784 /* Release */,
			);
			defaultConfigurationIsVisible = 0;
			defaultConfigurationName = Release;
		};
		1B2DF75E2CE4768300327784 /* Build configuration list for PBXNativeTarget "CodeBaseTestUITests" */ = {
			isa = XCConfigurationList;
			buildConfigurations = (
				1B2DF75F2CE4768300327784 /* Debug */,
				1B2DF7602CE4768300327784 /* Release */,
			);
			defaultConfigurationIsVisible = 0;
			defaultConfigurationName = Release;
		};
/* End XCConfigurationList section */

/* Begin XCRemoteSwiftPackageReference section */
		1B2DF77C2CE49E2600327784 /* XCRemoteSwiftPackageReference "SnapKit" */ = {
			isa = XCRemoteSwiftPackageReference;
			repositoryURL = "https://github.com/SnapKit/SnapKit.git";
			requirement = {
				kind = upToNextMajorVersion;
				minimumVersion = 5.7.1;
			};
		};
/* End XCRemoteSwiftPackageReference section */

/* Begin XCSwiftPackageProductDependency section */
		1B2DF77D2CE49E2600327784 /* SnapKit */ = {
			isa = XCSwiftPackageProductDependency;
			package = 1B2DF77C2CE49E2600327784 /* XCRemoteSwiftPackageReference "SnapKit" */;
			productName = SnapKit;
		};
		1B2DF77F2CE49E2600327784 /* SnapKit-Dynamic */ = {
			isa = XCSwiftPackageProductDependency;
			package = 1B2DF77C2CE49E2600327784 /* XCRemoteSwiftPackageReference "SnapKit" */;
			productName = "SnapKit-Dynamic";
		};
/* End XCSwiftPackageProductDependency section */
	};
	rootObject = 1B2DF7252CE4768100327784 /* Project object */;
}
